// !$*UTF8*$!
{
	archiveVersion = 1;
	classes = {
	};
	objectVersion = 77;
	objects = {

/* Begin PBXBuildFile section */
		370A4BD52E14648100A44F44 /* Alamofire in Frameworks */ = {isa = PBXBuildFile; productRef = 370A4BD42E14648100A44F44 /* Alamofire */; };
		370A4BDE2E1471A900A44F44 /* Moya in Frameworks */ = {isa = PBXBuildFile; productRef = 370A4BDD2E1471A900A44F44 /* Moya */; };
		370A4C232E16F75200A44F44 /* KeychainAccess in Frameworks */ = {isa = PBXBuildFile; productRef = 370A4C222E16F75200A44F44 /* KeychainAccess */; };
/* End PBXBuildFile section */

/* Begin PBXContainerItemProxy section */
		370A4BB72E14634500A44F44 /* PBXContainerItemProxy */ = {
			isa = PBXContainerItemProxy;
			containerPortal = 370A4B9C2E14634300A44F44 /* Project object */;
			proxyType = 1;
			remoteGlobalIDString = 370A4BA32E14634300A44F44;
			remoteInfo = AdidasLite;
		};
		370A4BC12E14634500A44F44 /* PBXContainerItemProxy */ = {
			isa = PBXContainerItemProxy;
			containerPortal = 370A4B9C2E14634300A44F44 /* Project object */;
			proxyType = 1;
			remoteGlobalIDString = 370A4BA32E14634300A44F44;
			remoteInfo = AdidasLite;
		};
/* End PBXContainerItemProxy section */

/* Begin PBXFileReference section */
		370A4BA42E14634300A44F44 /* AdidasLite.app */ = {isa = PBXFileReference; explicitFileType = wrapper.application; includeInIndex = 0; path = AdidasLite.app; sourceTree = BUILT_PRODUCTS_DIR; };
		370A4BB62E14634500A44F44 /* AdidasLiteTests.xctest */ = {isa = PBXFileReference; explicitFileType = wrapper.cfbundle; includeInIndex = 0; path = AdidasLiteTests.xctest; sourceTree = BUILT_PRODUCTS_DIR; };
		370A4BC02E14634500A44F44 /* AdidasLiteUITests.xctest */ = {isa = PBXFileReference; explicitFileType = wrapper.cfbundle; includeInIndex = 0; path = AdidasLiteUITests.xctest; sourceTree = BUILT_PRODUCTS_DIR; };
/* End PBXFileReference section */

/* Begin PBXFileSystemSynchronizedBuildFileExceptionSet section */
		370A4C202E16F4F000A44F44 /* Exceptions for "AdidasLite" folder in "AdidasLite" target */ = {
			isa = PBXFileSystemSynchronizedBuildFileExceptionSet;
			membershipExceptions = (
				Info.plist,
			);
			target = 370A4BA32E14634300A44F44 /* AdidasLite */;
		};
/* End PBXFileSystemSynchronizedBuildFileExceptionSet section */

/* Begin PBXFileSystemSynchronizedRootGroup section */
		370A4BA62E14634300A44F44 /* AdidasLite */ = {
			isa = PBXFileSystemSynchronizedRootGroup;
			exceptions = (
				370A4C202E16F4F000A44F44 /* Exceptions for "AdidasLite" folder in "AdidasLite" target */,
			);
			path = AdidasLite;
			sourceTree = "<group>";
		};
		370A4BB92E14634500A44F44 /* AdidasLiteTests */ = {
			isa = PBXFileSystemSynchronizedRootGroup;
			path = AdidasLiteTests;
			sourceTree = "<group>";
		};
		370A4BC32E14634500A44F44 /* AdidasLiteUITests */ = {
			isa = PBXFileSystemSynchronizedRootGroup;
			path = AdidasLiteUITests;
			sourceTree = "<group>";
		};
/* End PBXFileSystemSynchronizedRootGroup section */

/* Begin PBXFrameworksBuildPhase section */
		370A4BA12E14634300A44F44 /* Frameworks */ = {
			isa = PBXFrameworksBuildPhase;
			buildActionMask = 2147483647;
			files = (
				370A4BDE2E1471A900A44F44 /* Moya in Frameworks */,
				370A4BD52E14648100A44F44 /* Alamofire in Frameworks */,
				370A4C232E16F75200A44F44 /* KeychainAccess in Frameworks */,
			);
			runOnlyForDeploymentPostprocessing = 0;
		};
		370A4BB32E14634500A44F44 /* Frameworks */ = {
			isa = PBXFrameworksBuildPhase;
			buildActionMask = 2147483647;
			files = (
			);
			runOnlyForDeploymentPostprocessing = 0;
		};
		370A4BBD2E14634500A44F44 /* Frameworks */ = {
			isa = PBXFrameworksBuildPhase;
			buildActionMask = 2147483647;
			files = (
			);
			runOnlyForDeploymentPostprocessing = 0;
		};
/* End PBXFrameworksBuildPhase section */

/* Begin PBXGroup section */
		370A4B9B2E14634300A44F44 = {
			isa = PBXGroup;
			children = (
				370A4BA62E14634300A44F44 /* AdidasLite */,
				370A4BB92E14634500A44F44 /* AdidasLiteTests */,
				370A4BC32E14634500A44F44 /* AdidasLiteUITests */,
				370A4BA52E14634300A44F44 /* Products */,
			);
			sourceTree = "<group>";
		};
		370A4BA52E14634300A44F44 /* Products */ = {
			isa = PBXGroup;
			children = (
				370A4BA42E14634300A44F44 /* AdidasLite.app */,
				370A4BB62E14634500A44F44 /* AdidasLiteTests.xctest */,
				370A4BC02E14634500A44F44 /* AdidasLiteUITests.xctest */,
			);
			name = Products;
			sourceTree = "<group>";
		};
/* End PBXGroup section */

/* Begin PBXNativeTarget section */
		370A4BA32E14634300A44F44 /* AdidasLite */ = {
			isa = PBXNativeTarget;
			buildConfigurationList = 370A4BCA2E14634500A44F44 /* Build configuration list for PBXNativeTarget "AdidasLite" */;
			buildPhases = (
				370A4BA02E14634300A44F44 /* Sources */,
				370A4BA12E14634300A44F44 /* Frameworks */,
				370A4BA22E14634300A44F44 /* Resources */,
			);
			buildRules = (
			);
			dependencies = (
			);
			fileSystemSynchronizedGroups = (
				370A4BA62E14634300A44F44 /* AdidasLite */,
			);
			name = AdidasLite;
			packageProductDependencies = (
				370A4BD42E14648100A44F44 /* Alamofire */,
				370A4BDD2E1471A900A44F44 /* Moya */,
				370A4C222E16F75200A44F44 /* KeychainAccess */,
			);
			productName = AdidasLite;
			productReference = 370A4BA42E14634300A44F44 /* AdidasLite.app */;
			productType = "com.apple.product-type.application";
		};
		370A4BB52E14634500A44F44 /* AdidasLiteTests */ = {
			isa = PBXNativeTarget;
			buildConfigurationList = 370A4BCD2E14634500A44F44 /* Build configuration list for PBXNativeTarget "AdidasLiteTests" */;
			buildPhases = (
				370A4BB22E14634500A44F44 /* Sources */,
				370A4BB32E14634500A44F44 /* Frameworks */,
				370A4BB42E14634500A44F44 /* Resources */,
			);
			buildRules = (
			);
			dependencies = (
				370A4BB82E14634500A44F44 /* PBXTargetDependency */,
			);
			fileSystemSynchronizedGroups = (
				370A4BB92E14634500A44F44 /* AdidasLiteTests */,
			);
			name = AdidasLiteTests;
			packageProductDependencies = (
			);
			productName = AdidasLiteTests;
			productReference = 370A4BB62E14634500A44F44 /* AdidasLiteTests.xctest */;
			productType = "com.apple.product-type.bundle.unit-test";
		};
		370A4BBF2E14634500A44F44 /* AdidasLiteUITests */ = {
			isa = PBXNativeTarget;
			buildConfigurationList = 370A4BD02E14634500A44F44 /* Build configuration list for PBXNativeTarget "AdidasLiteUITests" */;
			buildPhases = (
				370A4BBC2E14634500A44F44 /* Sources */,
				370A4BBD2E14634500A44F44 /* Frameworks */,
				370A4BBE2E14634500A44F44 /* Resources */,
			);
			buildRules = (
			);
			dependencies = (
				370A4BC22E14634500A44F44 /* PBXTargetDependency */,
			);
			fileSystemSynchronizedGroups = (
				370A4BC32E14634500A44F44 /* AdidasLiteUITests */,
			);
			name = AdidasLiteUITests;
			packageProductDependencies = (
			);
			productName = AdidasLiteUITests;
			productReference = 370A4BC02E14634500A44F44 /* AdidasLiteUITests.xctest */;
			productType = "com.apple.product-type.bundle.ui-testing";
		};
/* End PBXNativeTarget section */

/* Begin PBXProject section */
		370A4B9C2E14634300A44F44 /* Project object */ = {
			isa = PBXProject;
			attributes = {
				BuildIndependentTargetsInParallel = 1;
				LastSwiftUpdateCheck = 1630;
				LastUpgradeCheck = 1630;
				TargetAttributes = {
					370A4BA32E14634300A44F44 = {
						CreatedOnToolsVersion = 16.3;
					};
					370A4BB52E14634500A44F44 = {
						CreatedOnToolsVersion = 16.3;
						TestTargetID = 370A4BA32E14634300A44F44;
					};
					370A4BBF2E14634500A44F44 = {
						CreatedOnToolsVersion = 16.3;
						TestTargetID = 370A4BA32E14634300A44F44;
					};
				};
			};
			buildConfigurationList = 370A4B9F2E14634300A44F44 /* Build configuration list for PBXProject "AdidasLite" */;
			developmentRegion = en;
			hasScannedForEncodings = 0;
			knownRegions = (
				en,
				Base,
			);
			mainGroup = 370A4B9B2E14634300A44F44;
			minimizedProjectReferenceProxies = 1;
			packageReferences = (
				370A4BD32E14648100A44F44 /* XCRemoteSwiftPackageReference "Alamofire" */,
				370A4BDC2E1471A900A44F44 /* XCRemoteSwiftPackageReference "Moya" */,
				370A4C212E16F75200A44F44 /* XCRemoteSwiftPackageReference "KeychainAccess" */,
			);
			preferredProjectObjectVersion = 77;
			productRefGroup = 370A4BA52E14634300A44F44 /* Products */;
			projectDirPath = "";
			projectRoot = "";
			targets = (
				370A4BA32E14634300A44F44 /* AdidasLite */,
				370A4BB52E14634500A44F44 /* AdidasLiteTests */,
				370A4BBF2E14634500A44F44 /* AdidasLiteUITests */,
			);
		};
/* End PBXProject section */

/* Begin PBXResourcesBuildPhase section */
		370A4BA22E14634300A44F44 /* Resources */ = {
			isa = PBXResourcesBuildPhase;
			buildActionMask = 2147483647;
			files = (
			);
			runOnlyForDeploymentPostprocessing = 0;
		};
		370A4BB42E14634500A44F44 /* Resources */ = {
			isa = PBXResourcesBuildPhase;
			buildActionMask = 2147483647;
			files = (
			);
			runOnlyForDeploymentPostprocessing = 0;
		};
		370A4BBE2E14634500A44F44 /* Resources */ = {
			isa = PBXResourcesBuildPhase;
			buildActionMask = 2147483647;
			files = (
			);
			runOnlyForDeploymentPostprocessing = 0;
		};
/* End PBXResourcesBuildPhase section */

/* Begin PBXSourcesBuildPhase section */
		370A4BA02E14634300A44F44 /* Sources */ = {
			isa = PBXSourcesBuildPhase;
			buildActionMask = 2147483647;
			files = (
			);
			runOnlyForDeploymentPostprocessing = 0;
		};
		370A4BB22E14634500A44F44 /* Sources */ = {
			isa = PBXSourcesBuildPhase;
			buildActionMask = 2147483647;
			files = (
			);
			runOnlyForDeploymentPostprocessing = 0;
		};
		370A4BBC2E14634500A44F44 /* Sources */ = {
			isa = PBXSourcesBuildPhase;
			buildActionMask = 2147483647;
			files = (
			);
			runOnlyForDeploymentPostprocessing = 0;
		};
/* End PBXSourcesBuildPhase section */

/* Begin PBXTargetDependency section */
		370A4BB82E14634500A44F44 /* PBXTargetDependency */ = {
			isa = PBXTargetDependency;
			target = 370A4BA32E14634300A44F44 /* AdidasLite */;
			targetProxy = 370A4BB72E14634500A44F44 /* PBXContainerItemProxy */;
		};
		370A4BC22E14634500A44F44 /* PBXTargetDependency */ = {
			isa = PBXTargetDependency;
			target = 370A4BA32E14634300A44F44 /* AdidasLite */;
			targetProxy = 370A4BC12E14634500A44F44 /* PBXContainerItemProxy */;
		};
/* End PBXTargetDependency section */

/* Begin XCBuildConfiguration section */
		370A4BC82E14634500A44F44 /* Debug */ = {
			isa = XCBuildConfiguration;
			buildSettings = {
				ALWAYS_SEARCH_USER_PATHS = NO;
				ASSETCATALOG_COMPILER_GENERATE_SWIFT_ASSET_SYMBOL_EXTENSIONS = YES;
				CLANG_ANALYZER_NONNULL = YES;
				CLANG_ANALYZER_NUMBER_OBJECT_CONVERSION = YES_AGGRESSIVE;
				CLANG_CXX_LANGUAGE_STANDARD = "gnu++20";
				CLANG_ENABLE_MODULES = YES;
				CLANG_ENABLE_OBJC_ARC = YES;
				CLANG_ENABLE_OBJC_WEAK = YES;
				CLANG_WARN_BLOCK_CAPTURE_AUTORELEASING = YES;
				CLANG_WARN_BOOL_CONVERSION = YES;
				CLANG_WARN_COMMA = YES;
				CLANG_WARN_CONSTANT_CONVERSION = YES;
				CLANG_WARN_DEPRECATED_OBJC_IMPLEMENTATIONS = YES;
				CLANG_WARN_DIRECT_OBJC_ISA_USAGE = YES_ERROR;
				CLANG_WARN_DOCUMENTATION_COMMENTS = YES;
				CLANG_WARN_EMPTY_BODY = YES;
				CLANG_WARN_ENUM_CONVERSION = YES;
				CLANG_WARN_INFINITE_RECURSION = YES;
				CLANG_WARN_INT_CONVERSION = YES;
				CLANG_WARN_NON_LITERAL_NULL_CONVERSION = YES;
				CLANG_WARN_OBJC_IMPLICIT_RETAIN_SELF = YES;
				CLANG_WARN_OBJC_LITERAL_CONVERSION = YES;
				CLANG_WARN_OBJC_ROOT_CLASS = YES_ERROR;
				CLANG_WARN_QUOTED_INCLUDE_IN_FRAMEWORK_HEADER = YES;
				CLANG_WARN_RANGE_LOOP_ANALYSIS = YES;
				CLANG_WARN_STRICT_PROTOTYPES = YES;
				CLANG_WARN_SUSPICIOUS_MOVE = YES;
				CLANG_WARN_UNGUARDED_AVAILABILITY = YES_AGGRESSIVE;
				CLANG_WARN_UNREACHABLE_CODE = YES;
				CLANG_WARN__DUPLICATE_METHOD_MATCH = YES;
				COPY_PHASE_STRIP = NO;
				DEBUG_INFORMATION_FORMAT = dwarf;
				DEVELOPMENT_TEAM = 9YG8Q7GPBK;
				ENABLE_STRICT_OBJC_MSGSEND = YES;
				ENABLE_TESTABILITY = YES;
				ENABLE_USER_SCRIPT_SANDBOXING = YES;
				GCC_C_LANGUAGE_STANDARD = gnu17;
				GCC_DYNAMIC_NO_PIC = NO;
				GCC_NO_COMMON_BLOCKS = YES;
				GCC_OPTIMIZATION_LEVEL = 0;
				GCC_PREPROCESSOR_DEFINITIONS = (
					"DEBUG=1",
					"$(inherited)",
				);
				GCC_WARN_64_TO_32_BIT_CONVERSION = YES;
				GCC_WARN_ABOUT_RETURN_TYPE = YES_ERROR;
				GCC_WARN_UNDECLARED_SELECTOR = YES;
				GCC_WARN_UNINITIALIZED_AUTOS = YES_AGGRESSIVE;
				GCC_WARN_UNUSED_FUNCTION = YES;
				GCC_WARN_UNUSED_VARIABLE = YES;
				IPHONEOS_DEPLOYMENT_TARGET = 18.4;
				LOCALIZATION_PREFERS_STRING_CATALOGS = YES;
				MTL_ENABLE_DEBUG_INFO = INCLUDE_SOURCE;
				MTL_FAST_MATH = YES;
				ONLY_ACTIVE_ARCH = YES;
				SDKROOT = iphoneos;
				SWIFT_ACTIVE_COMPILATION_CONDITIONS = "DEBUG $(inherited)";
				SWIFT_OPTIMIZATION_LEVEL = "-Onone";
			};
			name = Debug;
		};
		370A4BC92E14634500A44F44 /* Release */ = {
			isa = XCBuildConfiguration;
			buildSettings = {
				ALWAYS_SEARCH_USER_PATHS = NO;
				ASSETCATALOG_COMPILER_GENERATE_SWIFT_ASSET_SYMBOL_EXTENSIONS = YES;
				CLANG_ANALYZER_NONNULL = YES;
				CLANG_ANALYZER_NUMBER_OBJECT_CONVERSION = YES_AGGRESSIVE;
				CLANG_CXX_LANGUAGE_STANDARD = "gnu++20";
				CLANG_ENABLE_MODULES = YES;
				CLANG_ENABLE_OBJC_ARC = YES;
				CLANG_ENABLE_OBJC_WEAK = YES;
				CLANG_WARN_BLOCK_CAPTURE_AUTORELEASING = YES;
				CLANG_WARN_BOOL_CONVERSION = YES;
				CLANG_WARN_COMMA = YES;
				CLANG_WARN_CONSTANT_CONVERSION = YES;
				CLANG_WARN_DEPRECATED_OBJC_IMPLEMENTATIONS = YES;
				CLANG_WARN_DIRECT_OBJC_ISA_USAGE = YES_ERROR;
				CLANG_WARN_DOCUMENTATION_COMMENTS = YES;
				CLANG_WARN_EMPTY_BODY = YES;
				CLANG_WARN_ENUM_CONVERSION = YES;
				CLANG_WARN_INFINITE_RECURSION = YES;
				CLANG_WARN_INT_CONVERSION = YES;
				CLANG_WARN_NON_LITERAL_NULL_CONVERSION = YES;
				CLANG_WARN_OBJC_IMPLICIT_RETAIN_SELF = YES;
				CLANG_WARN_OBJC_LITERAL_CONVERSION = YES;
				CLANG_WARN_OBJC_ROOT_CLASS = YES_ERROR;
				CLANG_WARN_QUOTED_INCLUDE_IN_FRAMEWORK_HEADER = YES;
				CLANG_WARN_RANGE_LOOP_ANALYSIS = YES;
				CLANG_WARN_STRICT_PROTOTYPES = YES;
				CLANG_WARN_SUSPICIOUS_MOVE = YES;
				CLANG_WARN_UNGUARDED_AVAILABILITY = YES_AGGRESSIVE;
				CLANG_WARN_UNREACHABLE_CODE = YES;
				CLANG_WARN__DUPLICATE_METHOD_MATCH = YES;
				COPY_PHASE_STRIP = NO;
				DEBUG_INFORMATION_FORMAT = "dwarf-with-dsym";
				DEVELOPMENT_TEAM = 9YG8Q7GPBK;
				ENABLE_NS_ASSERTIONS = NO;
				ENABLE_STRICT_OBJC_MSGSEND = YES;
				ENABLE_USER_SCRIPT_SANDBOXING = YES;
				GCC_C_LANGUAGE_STANDARD = gnu17;
				GCC_NO_COMMON_BLOCKS = YES;
				GCC_WARN_64_TO_32_BIT_CONVERSION = YES;
				GCC_WARN_ABOUT_RETURN_TYPE = YES_ERROR;
				GCC_WARN_UNDECLARED_SELECTOR = YES;
				GCC_WARN_UNINITIALIZED_AUTOS = YES_AGGRESSIVE;
				GCC_WARN_UNUSED_FUNCTION = YES;
				GCC_WARN_UNUSED_VARIABLE = YES;
				IPHONEOS_DEPLOYMENT_TARGET = 18.4;
				LOCALIZATION_PREFERS_STRING_CATALOGS = YES;
				MTL_ENABLE_DEBUG_INFO = NO;
				MTL_FAST_MATH = YES;
				SDKROOT = iphoneos;
				SWIFT_COMPILATION_MODE = wholemodule;
				VALIDATE_PRODUCT = YES;
			};
			name = Release;
		};
		370A4BCB2E14634500A44F44 /* Debug */ = {
			isa = XCBuildConfiguration;
			buildSettings = {
				ASSETCATALOG_COMPILER_APPICON_NAME = AppIcon;
				ASSETCATALOG_COMPILER_GLOBAL_ACCENT_COLOR_NAME = AccentColor;
				CODE_SIGN_STYLE = Automatic;
				CURRENT_PROJECT_VERSION = 1;
				DEVELOPMENT_TEAM = 9YG8Q7GPBK;
				ENABLE_PREVIEWS = YES;
				GENERATE_INFOPLIST_FILE = YES;
				INFOPLIST_FILE = AdidasLite/Info.plist;
				INFOPLIST_KEY_UIApplicationSceneManifest_Generation = YES;
				INFOPLIST_KEY_UIApplicationSupportsIndirectInputEvents = YES;
				INFOPLIST_KEY_UILaunchScreen_Generation = YES;
				INFOPLIST_KEY_UISupportedInterfaceOrientations_iPad = "UIInterfaceOrientationPortrait UIInterfaceOrientationPortraitUpsideDown UIInterfaceOrientationLandscapeLeft UIInterfaceOrientationLandscapeRight";
				INFOPLIST_KEY_UISupportedInterfaceOrientations_iPhone = "UIInterfaceOrientationPortrait UIInterfaceOrientationLandscapeLeft UIInterfaceOrientationLandscapeRight";
				LD_RUNPATH_SEARCH_PATHS = (
					"$(inherited)",
					"@executable_path/Frameworks",
				);
				MARKETING_VERSION = 1.0;
				PRODUCT_BUNDLE_IDENTIFIER = com.adidas.AdidasLite;
				PRODUCT_NAME = "$(TARGET_NAME)";
				SWIFT_EMIT_LOC_STRINGS = YES;
				SWIFT_VERSION = 5.0;
				TARGETED_DEVICE_FAMILY = "1,2";
			};
			name = Debug;
		};
		370A4BCC2E14634500A44F44 /* Release */ = {
			isa = XCBuildConfiguration;
			buildSettings = {
				ASSETCATALOG_COMPILER_APPICON_NAME = AppIcon;
				ASSETCATALOG_COMPILER_GLOBAL_ACCENT_COLOR_NAME = AccentColor;
				CODE_SIGN_STYLE = Automatic;
				CURRENT_PROJECT_VERSION = 1;
				DEVELOPMENT_TEAM = 9YG8Q7GPBK;
				ENABLE_PREVIEWS = YES;
				GENERATE_INFOPLIST_FILE = YES;
				INFOPLIST_FILE = AdidasLite/Info.plist;
				INFOPLIST_KEY_UIApplicationSceneManifest_Generation = YES;
				INFOPLIST_KEY_UIApplicationSupportsIndirectInputEvents = YES;
				INFOPLIST_KEY_UILaunchScreen_Generation = YES;
				INFOPLIST_KEY_UISupportedInterfaceOrientations_iPad = "UIInterfaceOrientationPortrait UIInterfaceOrientationPortraitUpsideDown UIInterfaceOrientationLandscapeLeft UIInterfaceOrientationLandscapeRight";
				INFOPLIST_KEY_UISupportedInterfaceOrientations_iPhone = "UIInterfaceOrientationPortrait UIInterfaceOrientationLandscapeLeft UIInterfaceOrientationLandscapeRight";
				LD_RUNPATH_SEARCH_PATHS = (
					"$(inherited)",
					"@executable_path/Frameworks",
				);
				MARKETING_VERSION = 1.0;
				PRODUCT_BUNDLE_IDENTIFIER = com.adidas.AdidasLite;
				PRODUCT_NAME = "$(TARGET_NAME)";
				SWIFT_EMIT_LOC_STRINGS = YES;
				SWIFT_VERSION = 5.0;
				TARGETED_DEVICE_FAMILY = "1,2";
			};
			name = Release;
		};
		370A4BCE2E14634500A44F44 /* Debug */ = {
			isa = XCBuildConfiguration;
			buildSettings = {
				BUNDLE_LOADER = "$(TEST_HOST)";
				CODE_SIGN_STYLE = Automatic;
				CURRENT_PROJECT_VERSION = 1;
				DEVELOPMENT_TEAM = 9YG8Q7GPBK;
				GENERATE_INFOPLIST_FILE = YES;
				IPHONEOS_DEPLOYMENT_TARGET = 18.4;
				MARKETING_VERSION = 1.0;
				PRODUCT_BUNDLE_IDENTIFIER = com.adidas.AdidasLiteTests;
				PRODUCT_NAME = "$(TARGET_NAME)";
				SWIFT_EMIT_LOC_STRINGS = NO;
				SWIFT_VERSION = 5.0;
				TARGETED_DEVICE_FAMILY = "1,2";
				TEST_HOST = "$(BUILT_PRODUCTS_DIR)/AdidasLite.app/$(BUNDLE_EXECUTABLE_FOLDER_PATH)/AdidasLite";
			};
			name = Debug;
		};
		370A4BCF2E14634500A44F44 /* Release */ = {
			isa = XCBuildConfiguration;
			buildSettings = {
				BUNDLE_LOADER = "$(TEST_HOST)";
				CODE_SIGN_STYLE = Automatic;
				CURRENT_PROJECT_VERSION = 1;
				DEVELOPMENT_TEAM = 9YG8Q7GPBK;
				GENERATE_INFOPLIST_FILE = YES;
				IPHONEOS_DEPLOYMENT_TARGET = 18.4;
				MARKETING_VERSION = 1.0;
				PRODUCT_BUNDLE_IDENTIFIER = com.adidas.AdidasLiteTests;
				PRODUCT_NAME = "$(TARGET_NAME)";
				SWIFT_EMIT_LOC_STRINGS = NO;
				SWIFT_VERSION = 5.0;
				TARGETED_DEVICE_FAMILY = "1,2";
				TEST_HOST = "$(BUILT_PRODUCTS_DIR)/AdidasLite.app/$(BUNDLE_EXECUTABLE_FOLDER_PATH)/AdidasLite";
			};
			name = Release;
		};
		370A4BD12E14634500A44F44 /* Debug */ = {
			isa = XCBuildConfiguration;
			buildSettings = {
				CODE_SIGN_STYLE = Automatic;
				CURRENT_PROJECT_VERSION = 1;
				DEVELOPMENT_TEAM = 9YG8Q7GPBK;
				GENERATE_INFOPLIST_FILE = YES;
				MARKETING_VERSION = 1.0;
				PRODUCT_BUNDLE_IDENTIFIER = com.adidas.AdidasLiteUITests;
				PRODUCT_NAME = "$(TARGET_NAME)";
				SWIFT_EMIT_LOC_STRINGS = NO;
				SWIFT_VERSION = 5.0;
				TARGETED_DEVICE_FAMILY = "1,2";
				TEST_TARGET_NAME = AdidasLite;
			};
			name = Debug;
		};
		370A4BD22E14634500A44F44 /* Release */ = {
			isa = XCBuildConfiguration;
			buildSettings = {
				CODE_SIGN_STYLE = Automatic;
				CURRENT_PROJECT_VERSION = 1;
				DEVELOPMENT_TEAM = 9YG8Q7GPBK;
				GENERATE_INFOPLIST_FILE = YES;
				MARKETING_VERSION = 1.0;
				PRODUCT_BUNDLE_IDENTIFIER = com.adidas.AdidasLiteUITests;
				PRODUCT_NAME = "$(TARGET_NAME)";
				SWIFT_EMIT_LOC_STRINGS = NO;
				SWIFT_VERSION = 5.0;
				TARGETED_DEVICE_FAMILY = "1,2";
				TEST_TARGET_NAME = AdidasLite;
			};
			name = Release;
		};
/* End XCBuildConfiguration section */

/* Begin XCConfigurationList section */
		370A4B9F2E14634300A44F44 /* Build configuration list for PBXProject "AdidasLite" */ = {
			isa = XCConfigurationList;
			buildConfigurations = (
				370A4BC82E14634500A44F44 /* Debug */,
				370A4BC92E14634500A44F44 /* Release */,
			);
			defaultConfigurationIsVisible = 0;
			defaultConfigurationName = Release;
		};
		370A4BCA2E14634500A44F44 /* Build configuration list for PBXNativeTarget "AdidasLite" */ = {
			isa = XCConfigurationList;
			buildConfigurations = (
				370A4BCB2E14634500A44F44 /* Debug */,
				370A4BCC2E14634500A44F44 /* Release */,
			);
			defaultConfigurationIsVisible = 0;
			defaultConfigurationName = Release;
		};
		370A4BCD2E14634500A44F44 /* Build configuration list for PBXNativeTarget "AdidasLiteTests" */ = {
			isa = XCConfigurationList;
			buildConfigurations = (
				370A4BCE2E14634500A44F44 /* Debug */,
				370A4BCF2E14634500A44F44 /* Release */,
			);
			defaultConfigurationIsVisible = 0;
			defaultConfigurationName = Release;
		};
		370A4BD02E14634500A44F44 /* Build configuration list for PBXNativeTarget "AdidasLiteUITests" */ = {
			isa = XCConfigurationList;
			buildConfigurations = (
				370A4BD12E14634500A44F44 /* Debug */,
				370A4BD22E14634500A44F44 /* Release */,
			);
			defaultConfigurationIsVisible = 0;
			defaultConfigurationName = Release;
		};
/* End XCConfigurationList section */

/* Begin XCRemoteSwiftPackageReference section */
		370A4BD32E14648100A44F44 /* XCRemoteSwiftPackageReference "Alamofire" */ = {
			isa = XCRemoteSwiftPackageReference;
			repositoryURL = "https://github.com/Alamofire/Alamofire.git";
			requirement = {
				kind = upToNextMajorVersion;
				minimumVersion = 5.10.2;
			};
		};
		370A4BDC2E1471A900A44F44 /* XCRemoteSwiftPackageReference "Moya" */ = {
			isa = XCRemoteSwiftPackageReference;
			repositoryURL = "https://github.com/Moya/Moya.git";
			requirement = {
				kind = upToNextMajorVersion;
				minimumVersion = 15.0.3;
			};
		};
		370A4C212E16F75200A44F44 /* XCRemoteSwiftPackageReference "KeychainAccess" */ = {
			isa = XCRemoteSwiftPackageReference;
			repositoryURL = "https://github.com/kishikawakatsumi/KeychainAccess.git";
			requirement = {
				branch = master;
				kind = branch;
			};
		};
/* End XCRemoteSwiftPackageReference section */

/* Begin XCSwiftPackageProductDependency section */
		370A4BD42E14648100A44F44 /* Alamofire */ = {
			isa = XCSwiftPackageProductDependency;
			package = 370A4BD32E14648100A44F44 /* XCRemoteSwiftPackageReference "Alamofire" */;
			productName = Alamofire;
		};
		370A4BDD2E1471A900A44F44 /* Moya */ = {
			isa = XCSwiftPackageProductDependency;
			package = 370A4BDC2E1471A900A44F44 /* XCRemoteSwiftPackageReference "Moya" */;
			productName = Moya;
		};
		370A4C222E16F75200A44F44 /* KeychainAccess */ = {
			isa = XCSwiftPackageProductDependency;
			package = 370A4C212E16F75200A44F44 /* XCRemoteSwiftPackageReference "KeychainAccess" */;
			productName = KeychainAccess;
		};
/* End XCSwiftPackageProductDependency section */
	};
	rootObject = 370A4B9C2E14634300A44F44 /* Project object */;
}
